<?xml version="1.0" encoding="utf-8"?>
<Project ToolsVersion="4.0" xmlns="http://schemas.microsoft.com/developer/msbuild/2003">
  <ItemGroup>
    <ClCompile Include="Source\Dll.cpp" />
    <ClCompile Include="Source\Army.cpp">
      <Filter>Source Files</Filter>
    </ClCompile>
    <ClCompile Include="Source\BuildOrders.cpp">
      <Filter>Source Files</Filter>
    </ClCompile>
    <ClCompile Include="Source\CustomVector.cpp">
      <Filter>Source Files</Filter>
    </ClCompile>
    <ClCompile Include="Source\ExampleAIModule.cpp">
      <Filter>Source Files</Filter>
    </ClCompile>
    <ClCompile Include="Source\Scouting.cpp">
      <Filter>Source Files</Filter>
    </ClCompile>
    <ClCompile Include="Source\CombatUnits.cpp">
      <Filter>Source Files\New stuffs</Filter>
    </ClCompile>
    <ClCompile Include="Source\HarassUnits.cpp">
      <Filter>Source Files\New stuffs</Filter>
    </ClCompile>
    <ClCompile Include="Source\ProbeUnits.cpp">
      <Filter>Source Files\New stuffs</Filter>
    </ClCompile>
    <ClCompile Include="Source\ResourceSpender.cpp">
      <Filter>Source Files\New stuffs</Filter>
    </ClCompile>
    <ClCompile Include="Source\ScoutManager.cpp">
      <Filter>Source Files\New stuffs</Filter>
    </ClCompile>
    <ClCompile Include="Source\StrategyDecider.cpp">
      <Filter>Source Files\New stuffs</Filter>
    </ClCompile>
    <ClCompile Include="Source\Tactician.cpp">
      <Filter>Source Files\New stuffs</Filter>
    </ClCompile>
    <ClCompile Include="Source\UnitHandler.cpp">
      <Filter>Source Files\New stuffs</Filter>
    </ClCompile>
    <ClCompile Include="Source\ExampleAIModule - OLD.cpp">
      <Filter>Source Files</Filter>
    </ClCompile>
    <ClCompile Include="Source\Squad.cpp">
      <Filter>Source Files\New stuffs</Filter>
    </ClCompile>
    <ClCompile Include="Source\BuildingUnits.cpp">
      <Filter>Source Files\New stuffs</Filter>
    </ClCompile>
  </ItemGroup>
  <ItemGroup>
    <ClInclude Include="Source\Army.h">
      <Filter>Header Files</Filter>
    </ClInclude>
    <ClInclude Include="Source\BuildOrders.h">
      <Filter>Header Files</Filter>
    </ClInclude>
    <ClInclude Include="Source\Constants.h">
      <Filter>Header Files</Filter>
    </ClInclude>
    <ClInclude Include="Source\CustomVector.h">
      <Filter>Header Files</Filter>
    </ClInclude>
    <ClInclude Include="Source\ExampleAIModule.h">
      <Filter>Header Files</Filter>
    </ClInclude>
    <ClInclude Include="Source\Scouting.h">
      <Filter>Header Files</Filter>
    </ClInclude>
    <ClInclude Include="Source\UnitHandler.h">
      <Filter>Header Files\New stuffs</Filter>
    </ClInclude>
    <ClInclude Include="Source\CombatUnits.h">
      <Filter>Header Files\New stuffs</Filter>
    </ClInclude>
    <ClInclude Include="Source\HarassUnits.h">
      <Filter>Header Files\New stuffs</Filter>
    </ClInclude>
    <ClInclude Include="Source\ProbeUnits.h">
      <Filter>Header Files\New stuffs</Filter>
    </ClInclude>
    <ClInclude Include="Source\ResourceSpender.h">
      <Filter>Header Files\New stuffs</Filter>
    </ClInclude>
    <ClInclude Include="Source\ScoutManager.h">
      <Filter>Header Files\New stuffs</Filter>
    </ClInclude>
    <ClInclude Include="Source\StrategyDecider.h">
      <Filter>Header Files\New stuffs</Filter>
    </ClInclude>
    <ClInclude Include="Source\Tactician.h">
      <Filter>Header Files\New stuffs</Filter>
    </ClInclude>
    <ClInclude Include="Source\ExampleAIModule - OLD.h">
      <Filter>Header Files</Filter>
    </ClInclude>
    <ClInclude Include="Source\Squad.h">
      <Filter>Header Files\New stuffs</Filter>
    </ClInclude>
    <ClInclude Include="Source\BuildingUnits.h">
      <Filter>Header Files\New stuffs</Filter>
    </ClInclude>
  </ItemGroup>
  <ItemGroup>
    <Filter Include="Source Files">
      <UniqueIdentifier>{7da2822b-16e4-4e21-be8d-220aa04be732}</UniqueIdentifier>
    </Filter>
    <Filter Include="Header Files">
      <UniqueIdentifier>{a2bccc82-2f26-4939-964d-21d85cdf6d0e}</UniqueIdentifier>
    </Filter>
    <Filter Include="Header Files\New stuffs">
      <UniqueIdentifier>{a3f9dfbc-77f8-4050-8911-ece8910e8826}</UniqueIdentifier>
    </Filter>
    <Filter Include="Source Files\New stuffs">
      <UniqueIdentifier>{6b7228d4-7aea-4a66-aa5f-4fa2ded49449}</UniqueIdentifier>
    </Filter>
  </ItemGroup>
</Project>